
Microsoft Visual Studio Solution File, Format Version 12.00
# Visual Studio Version 17
VisualStudioVersion = 17.7.34031.279
MinimumVisualStudioVersion = 10.0.40219.1
Project("{FAE04EC0-301F-11D3-BF4B-00C04F79EFBC}") = "Take_Home_Assignment_1", "Take_Home_Assignment_1.csproj", "{252712F1-DD19-4449-9394-8A6C3690B5F1}"
EndProject
Global
	GlobalSection(SolutionConfigurationPlatforms) = preSolution
		Debug|Any CPU = Debug|Any CPU
		Release|Any CPU = Release|Any CPU
	EndGlobalSection
	GlobalSection(ProjectConfigurationPlatforms) = postSolution
		{252712F1-DD19-4449-9394-8A6C3690B5F1}.Debug|Any CPU.ActiveCfg = Debug|Any CPU
		{252712F1-DD19-4449-9394-8A6C3690B5F1}.Debug|Any CPU.Build.0 = Debug|Any CPU
		{252712F1-DD19-4449-9394-8A6C3690B5F1}.Release|Any CPU.ActiveCfg = Release|Any CPU
		{252712F1-DD19-4449-9394-8A6C3690B5F1}.Release|Any CPU.Build.0 = Release|Any CPU
	EndGlobalSection
	GlobalSection(SolutionProperties) = preSolution
		HideSolutionNode = FALSE
	EndGlobalSection
	GlobalSection(ExtensibilityGlobals) = postSolution
		SolutionGuid = {5A1C7A95-D735-441C-B3A1-ED781D2AD87E}
	EndGlobalSection
EndGlobal
